
Microsoft Visual Studio Solution File, Format Version 12.00
# Visual Studio Version 17
VisualStudioVersion = 17.6.33617.297
MinimumVisualStudioVersion = 10.0.40219.1
Project("{FAE04EC0-301F-11D3-BF4B-00C04F79EFBC}") = "RubberbandingGridUWP", "RubberbandingGridUWP\RubberbandingGridUWP.csproj", "{39927877-C265-47F0-9382-20860D0803FC}"
EndProject
Global
	GlobalSection(SolutionConfigurationPlatforms) = preSolution
		Debug|ARM = Debug|ARM
		Debug|ARM64 = Debug|ARM64
		Debug|x64 = Debug|x64
		Debug|x86 = Debug|x86
		Release|ARM = Release|ARM
		Release|ARM64 = Release|ARM64
		Release|x64 = Release|x64
		Release|x86 = Release|x86
	EndGlobalSection
	GlobalSection(ProjectConfigurationPlatforms) = postSolution
		{39927877-C265-47F0-9382-20860D0803FC}.Debug|ARM.ActiveCfg = Debug|ARM
		{39927877-C265-47F0-9382-20860D0803FC}.Debug|ARM.Build.0 = Debug|ARM
		{39927877-C265-47F0-9382-20860D0803FC}.Debug|ARM.Deploy.0 = Debug|ARM
		{39927877-C265-47F0-9382-20860D0803FC}.Debug|ARM64.ActiveCfg = Debug|ARM64
		{39927877-C265-47F0-9382-20860D0803FC}.Debug|ARM64.Build.0 = Debug|ARM64
		{39927877-C265-47F0-9382-20860D0803FC}.Debug|ARM64.Deploy.0 = Debug|ARM64
		{39927877-C265-47F0-9382-20860D0803FC}.Debug|x64.ActiveCfg = Debug|x64
		{39927877-C265-47F0-9382-20860D0803FC}.Debug|x64.Build.0 = Debug|x64
		{39927877-C265-47F0-9382-20860D0803FC}.Debug|x64.Deploy.0 = Debug|x64
		{39927877-C265-47F0-9382-20860D0803FC}.Debug|x86.ActiveCfg = Debug|x86
		{39927877-C265-47F0-9382-20860D0803FC}.Debug|x86.Build.0 = Debug|x86
		{39927877-C265-47F0-9382-20860D0803FC}.Debug|x86.Deploy.0 = Debug|x86
		{39927877-C265-47F0-9382-20860D0803FC}.Release|ARM.ActiveCfg = Release|ARM
		{39927877-C265-47F0-9382-20860D0803FC}.Release|ARM.Build.0 = Release|ARM
		{39927877-C265-47F0-9382-20860D0803FC}.Release|ARM.Deploy.0 = Release|ARM
		{39927877-C265-47F0-9382-20860D0803FC}.Release|ARM64.ActiveCfg = Release|ARM64
		{39927877-C265-47F0-9382-20860D0803FC}.Release|ARM64.Build.0 = Release|ARM64
		{39927877-C265-47F0-9382-20860D0803FC}.Release|ARM64.Deploy.0 = Release|ARM64
		{39927877-C265-47F0-9382-20860D0803FC}.Release|x64.ActiveCfg = Release|x64
		{39927877-C265-47F0-9382-20860D0803FC}.Release|x64.Build.0 = Release|x64
		{39927877-C265-47F0-9382-20860D0803FC}.Release|x64.Deploy.0 = Release|x64
		{39927877-C265-47F0-9382-20860D0803FC}.Release|x86.ActiveCfg = Release|x86
		{39927877-C265-47F0-9382-20860D0803FC}.Release|x86.Build.0 = Release|x86
		{39927877-C265-47F0-9382-20860D0803FC}.Release|x86.Deploy.0 = Release|x86
	EndGlobalSection
	GlobalSection(SolutionProperties) = preSolution
		HideSolutionNode = FALSE
	EndGlobalSection
	GlobalSection(ExtensibilityGlobals) = postSolution
		SolutionGuid = {83170B21-75CD-4EE1-9EA4-A10C2F87820E}
	EndGlobalSection
EndGlobal
